
Microsoft Visual Studio Solution File, Format Version 12.00
# Visual Studio Version 17
VisualStudioVersion = 17.0.32126.317
MinimumVisualStudioVersion = 10.0.40219.1
Project("{FAE04EC0-301F-11D3-BF4B-00C04F79EFBC}") = "TriangleOfNumbers", "TriangleOfNumbers\TriangleOfNumbers.csproj", "{44BD96EF-8D7F-4C04-8557-16A9E00B0181}"
EndProject
Global
	GlobalSection(SolutionConfigurationPlatforms) = preSolution
		Debug|Any CPU = Debug|Any CPU
		Release|Any CPU = Release|Any CPU
	EndGlobalSection
	GlobalSection(ProjectConfigurationPlatforms) = postSolution
		{44BD96EF-8D7F-4C04-8557-16A9E00B0181}.Debug|Any CPU.ActiveCfg = Debug|Any CPU
		{44BD96EF-8D7F-4C04-8557-16A9E00B0181}.Debug|Any CPU.Build.0 = Debug|Any CPU
		{44BD96EF-8D7F-4C04-8557-16A9E00B0181}.Release|Any CPU.ActiveCfg = Release|Any CPU
		{44BD96EF-8D7F-4C04-8557-16A9E00B0181}.Release|Any CPU.Build.0 = Release|Any CPU
	EndGlobalSection
	GlobalSection(SolutionProperties) = preSolution
		HideSolutionNode = FALSE
	EndGlobalSection
	GlobalSection(ExtensibilityGlobals) = postSolution
		SolutionGuid = {A7D04162-9457-41A9-A346-260036A1FD48}
	EndGlobalSection
EndGlobal
